<?xml version="1.0" encoding="utf-8"?>
<Project ToolsVersion="4.0" xmlns="http://schemas.microsoft.com/developer/msbuild/2003">
  <ItemGroup>
    <Filter Include="ソース ファイル">
      <UniqueIdentifier>{4FC737F1-C7A5-4376-A066-2A32D752A2FF}</UniqueIdentifier>
      <Extensions>cpp;c;cc;cxx;def;odl;idl;hpj;bat;asm;asmx</Extensions>
    </Filter>
    <Filter Include="リソース ファイル">
      <UniqueIdentifier>{67DA6AB6-F800-4c08-8B7A-83BB121AAD01}</UniqueIdentifier>
      <Extensions>rc;ico;cur;bmp;dlg;rc2;rct;bin;rgs;gif;jpg;jpeg;jpe;resx;tiff;tif;png;wav;mfcribbon-ms</Extensions>
    </Filter>
    <Filter Include="Shader">
      <UniqueIdentifier>{147efeb5-bcea-49f9-b07a-c0eb22c9e6a5}</UniqueIdentifier>
    </Filter>
    <Filter Include="ソース ファイル\コンポーネント">
      <UniqueIdentifier>{d762eddb-2749-4805-bebd-4c3826f75a79}</UniqueIdentifier>
    </Filter>
    <Filter Include="ソース ファイル\オブジェクト">
      <UniqueIdentifier>{86cc47af-fe98-4d68-94ff-f0e7b4089d4d}</UniqueIdentifier>
    </Filter>
    <Filter Include="ソース ファイル\シーン">
      <UniqueIdentifier>{7ee9ea2f-c782-4847-a8b4-5072bd77fd7c}</UniqueIdentifier>
    </Filter>
    <Filter Include="ソース ファイル\システム">
      <UniqueIdentifier>{024b68ea-d436-45a9-94bb-99fbb881c9eb}</UniqueIdentifier>
    </Filter>
    <Filter Include="ソース ファイル\ステージ">
      <UniqueIdentifier>{ace9186a-890f-4c3a-b7a6-f8a2393d68fb}</UniqueIdentifier>
    </Filter>
    <Filter Include="ソース ファイル\グラフィックス">
      <UniqueIdentifier>{29f23bc5-df6a-4e94-88ee-d92ba46c7c86}</UniqueIdentifier>
    </Filter>
    <Filter Include="ソース ファイル\オブジェクト\マネージャー">
      <UniqueIdentifier>{565c90ca-11e8-4d75-9d05-c04b2251e34e}</UniqueIdentifier>
    </Filter>
    <Filter Include="ソース ファイル\オブジェクト\エネミー">
      <UniqueIdentifier>{c5c7b801-7298-43b5-b170-565a98031e60}</UniqueIdentifier>
    </Filter>
    <Filter Include="ソース ファイル\オブジェクト\プレイヤー">
      <UniqueIdentifier>{2517b0f4-4587-4581-9704-913eec8518d1}</UniqueIdentifier>
    </Filter>
    <Filter Include="ソース ファイル\オブジェクト\マップ">
      <UniqueIdentifier>{0e2b0b0f-40f9-4e4e-a665-adfd8416a846}</UniqueIdentifier>
    </Filter>
    <Filter Include="ソース ファイル\オブジェクト\演出">
      <UniqueIdentifier>{9046c36f-6e11-4905-a2d7-ec55311ccf62}</UniqueIdentifier>
    </Filter>
    <Filter Include="ソース ファイル\オブジェクト\エフェクト">
      <UniqueIdentifier>{d4cb39c3-6fab-42e5-8c4d-4a4fc56b375a}</UniqueIdentifier>
    </Filter>
    <Filter Include="ソース ファイル\オブジェクト\キャラクター">
      <UniqueIdentifier>{f1e2a028-ed06-4ceb-b294-baccbd869a56}</UniqueIdentifier>
    </Filter>
  </ItemGroup>
  <ItemGroup>
    <ResourceCompile Include="DX11Game.rc">
      <Filter>リソース ファイル</Filter>
    </ResourceCompile>
  </ItemGroup>
  <ItemGroup>
    <Image Include="res\directx.ico">
      <Filter>リソース ファイル</Filter>
    </Image>
  </ItemGroup>
  <ItemGroup>
    <FxCompile Include="PixelShader.hlsl">
      <Filter>Shader</Filter>
    </FxCompile>
    <FxCompile Include="VertexShader.hlsl">
      <Filter>Shader</Filter>
    </FxCompile>
    <FxCompile Include="PixelShader2D.hlsl">
      <Filter>Shader</Filter>
    </FxCompile>
    <FxCompile Include="VertexShader2D.hlsl">
      <Filter>Shader</Filter>
    </FxCompile>
  </ItemGroup>
  <ItemGroup>
    <ClCompile Include="source\animation.cpp">
      <Filter>ソース ファイル\コンポーネント</Filter>
    </ClCompile>
    <ClCompile Include="source\animator.cpp">
      <Filter>ソース ファイル\コンポーネント</Filter>
    </ClCompile>
    <ClCompile Include="source\collision.cpp">
      <Filter>ソース ファイル\コンポーネント</Filter>
    </ClCompile>
    <ClCompile Include="source\rigidbody.cpp">
      <Filter>ソース ファイル\コンポーネント</Filter>
    </ClCompile>
    <ClCompile Include="source\object.cpp">
      <Filter>ソース ファイル\オブジェクト</Filter>
    </ClCompile>
    <ClCompile Include="source\transform.cpp">
      <Filter>ソース ファイル\コンポーネント</Filter>
    </ClCompile>
    <ClCompile Include="polygon.cpp">
      <Filter>ソース ファイル\グラフィックス</Filter>
    </ClCompile>
    <ClCompile Include="model.cpp">
      <Filter>ソース ファイル\グラフィックス</Filter>
    </ClCompile>
    <ClCompile Include="shader.cpp">
      <Filter>ソース ファイル\グラフィックス</Filter>
    </ClCompile>
    <ClCompile Include="sprite.cpp">
      <Filter>ソース ファイル\グラフィックス</Filter>
    </ClCompile>
    <ClCompile Include="texture.cpp">
      <Filter>ソース ファイル\グラフィックス</Filter>
    </ClCompile>
    <ClCompile Include="DirectX11.cpp">
      <Filter>ソース ファイル\グラフィックス</Filter>
    </ClCompile>
    <ClCompile Include="source\sceneGame.cpp">
      <Filter>ソース ファイル\シーン</Filter>
    </ClCompile>
    <ClCompile Include="source\sceneManager.cpp">
      <Filter>ソース ファイル\シーン</Filter>
    </ClCompile>
    <ClCompile Include="source\sceneTitle.cpp">
      <Filter>ソース ファイル\シーン</Filter>
    </ClCompile>
    <ClCompile Include="source\scene.cpp">
      <Filter>ソース ファイル\シーン</Filter>
    </ClCompile>
    <ClCompile Include="input.cpp">
      <Filter>ソース ファイル\システム</Filter>
    </ClCompile>
    <ClCompile Include="main.cpp">
      <Filter>ソース ファイル\システム</Filter>
    </ClCompile>
    <ClCompile Include="Sound.cpp">
      <Filter>ソース ファイル\システム</Filter>
    </ClCompile>
    <ClCompile Include="source\camera.cpp">
      <Filter>ソース ファイル\オブジェクト</Filter>
    </ClCompile>
    <ClCompile Include="source\objectMgr.cpp">
      <Filter>ソース ファイル\オブジェクト\マネージャー</Filter>
    </ClCompile>
    <ClCompile Include="source\status.cpp">
      <Filter>ソース ファイル\コンポーネント</Filter>
    </ClCompile>
    <ClCompile Include="source\string.cpp">
      <Filter>ソース ファイル\オブジェクト</Filter>
    </ClCompile>
    <ClCompile Include="source\word.cpp">
      <Filter>ソース ファイル\オブジェクト</Filter>
    </ClCompile>
    <ClCompile Include="source\attackArea.cpp">
      <Filter>ソース ファイル\オブジェクト\エネミー</Filter>
    </ClCompile>
    <ClCompile Include="source\enemy.cpp">
      <Filter>ソース ファイル\オブジェクト\エネミー</Filter>
    </ClCompile>
    <ClCompile Include="source\enemyAction.cpp">
      <Filter>ソース ファイル\オブジェクト\エネミー</Filter>
    </ClCompile>
    <ClCompile Include="source\viewArea.cpp">
      <Filter>ソース ファイル\オブジェクト\エネミー</Filter>
    </ClCompile>
    <ClCompile Include="source\player.cpp">
      <Filter>ソース ファイル\オブジェクト\プレイヤー</Filter>
    </ClCompile>
    <ClCompile Include="source\playerAction.cpp">
      <Filter>ソース ファイル\オブジェクト\プレイヤー</Filter>
    </ClCompile>
    <ClCompile Include="source\weapon.cpp">
      <Filter>ソース ファイル\オブジェクト\プレイヤー</Filter>
    </ClCompile>
    <ClCompile Include="source\enemyWing.cpp">
      <Filter>ソース ファイル\オブジェクト\エネミー</Filter>
    </ClCompile>
    <ClCompile Include="source\enemySlim.cpp">
      <Filter>ソース ファイル\オブジェクト\エネミー</Filter>
    </ClCompile>
    <ClCompile Include="source\enemyLance.cpp">
      <Filter>ソース ファイル\オブジェクト\エネミー</Filter>
    </ClCompile>
    <ClCompile Include="source\stageTest.cpp">
      <Filter>ソース ファイル\ステージ</Filter>
    </ClCompile>
    <ClCompile Include="source\stage.cpp">
      <Filter>ソース ファイル\ステージ</Filter>
    </ClCompile>
    <ClCompile Include="source\stageDebug.cpp">
      <Filter>ソース ファイル\ステージ</Filter>
    </ClCompile>
    <ClCompile Include="source\stageManager.cpp">
      <Filter>ソース ファイル\ステージ</Filter>
    </ClCompile>
    <ClCompile Include="source\field.cpp">
      <Filter>ソース ファイル\オブジェクト\マップ</Filter>
    </ClCompile>
    <ClCompile Include="source\bg.cpp">
      <Filter>ソース ファイル\オブジェクト\マップ</Filter>
    </ClCompile>
    <ClCompile Include="source\block.cpp">
      <Filter>ソース ファイル\オブジェクト\マップ</Filter>
    </ClCompile>
    <ClCompile Include="source\stageMaker.cpp">
      <Filter>ソース ファイル\ステージ</Filter>
    </ClCompile>
    <ClCompile Include="source\stageChangeArea.cpp">
      <Filter>ソース ファイル\ステージ</Filter>
    </ClCompile>
    <ClCompile Include="source\floor.cpp">
      <Filter>ソース ファイル\オブジェクト\マップ</Filter>
    </ClCompile>
    <ClCompile Include="source\miniMap.cpp">
      <Filter>ソース ファイル\オブジェクト\マップ</Filter>
    </ClCompile>
    <ClCompile Include="source\stageBoss.cpp">
      <Filter>ソース ファイル\ステージ</Filter>
    </ClCompile>
    <ClCompile Include="source\stageChangeBossArea.cpp">
      <Filter>ソース ファイル\ステージ</Filter>
    </ClCompile>
    <ClCompile Include="source\enemySlimBoss.cpp">
      <Filter>ソース ファイル\オブジェクト\エネミー</Filter>
    </ClCompile>
    <ClCompile Include="source\BossMakeArea.cpp">
      <Filter>ソース ファイル\オブジェクト\エネミー</Filter>
    </ClCompile>
    <ClCompile Include="source\stageStartMap.cpp">
      <Filter>ソース ファイル\ステージ</Filter>
    </ClCompile>
    <ClCompile Include="source\stageTutorial.cpp">
      <Filter>ソース ファイル\ステージ</Filter>
    </ClCompile>
    <ClCompile Include="source\stageChangeStartArea.cpp">
      <Filter>ソース ファイル\ステージ</Filter>
    </ClCompile>
    <ClCompile Include="source\playerUI.cpp">
      <Filter>ソース ファイル\オブジェクト\プレイヤー</Filter>
    </ClCompile>
    <ClCompile Include="source\Fire.cpp">
      <Filter>ソース ファイル\オブジェクト\マップ</Filter>
    </ClCompile>
    <ClCompile Include="source\light.cpp">
      <Filter>ソース ファイル\オブジェクト\マップ</Filter>
    </ClCompile>
    <ClCompile Include="source\needle.cpp">
      <Filter>ソース ファイル\オブジェクト\マップ</Filter>
    </ClCompile>
    <ClCompile Include="source\enemyBow.cpp">
      <Filter>ソース ファイル\オブジェクト\エネミー</Filter>
    </ClCompile>
    <ClCompile Include="source\enemyBigWing.cpp">
      <Filter>ソース ファイル\オブジェクト\エネミー</Filter>
    </ClCompile>
    <ClCompile Include="source\key.cpp">
      <Filter>ソース ファイル\オブジェクト</Filter>
    </ClCompile>
    <ClCompile Include="source\enemyUI.cpp">
      <Filter>ソース ファイル\オブジェクト\エネミー</Filter>
    </ClCompile>
    <ClCompile Include="source\stageLevelText.cpp">
      <Filter>ソース ファイル\ステージ</Filter>
    </ClCompile>
    <ClCompile Include="source\resultUI.cpp">
      <Filter>ソース ファイル\オブジェクト</Filter>
    </ClCompile>
    <ClCompile Include="source\fade.cpp">
      <Filter>ソース ファイル\オブジェクト\演出</Filter>
    </ClCompile>
    <ClCompile Include="source\flash.cpp">
      <Filter>ソース ファイル\オブジェクト\演出</Filter>
    </ClCompile>
    <ClCompile Include="source\damageText.cpp">
      <Filter>ソース ファイル\オブジェクト\エフェクト</Filter>
    </ClCompile>
    <ClCompile Include="source\effect.cpp">
      <Filter>ソース ファイル\オブジェクト\エフェクト</Filter>
    </ClCompile>
    <ClCompile Include="source\levelupText.cpp">
      <Filter>ソース ファイル\オブジェクト\エフェクト</Filter>
    </ClCompile>
    <ClCompile Include="source\attackBase.cpp">
      <Filter>ソース ファイル\オブジェクト\キャラクター</Filter>
    </ClCompile>
    <ClCompile Include="source\bullet.cpp">
      <Filter>ソース ファイル\オブジェクト\キャラクター</Filter>
    </ClCompile>
    <ClCompile Include="source\character.cpp">
      <Filter>ソース ファイル\オブジェクト\キャラクター</Filter>
    </ClCompile>
    <ClCompile Include="source\characterAction.cpp">
      <Filter>ソース ファイル\オブジェクト\キャラクター</Filter>
    </ClCompile>
    <ClCompile Include="source\experience.cpp">
      <Filter>ソース ファイル\オブジェクト\キャラクター</Filter>
    </ClCompile>
    <ClCompile Include="source\movieUI.cpp">
      <Filter>ソース ファイル\オブジェクト\演出</Filter>
    </ClCompile>
    <ClCompile Include="source\combo.cpp">
      <Filter>ソース ファイル\オブジェクト\プレイヤー</Filter>
    </ClCompile>
  </ItemGroup>
  <ItemGroup>
    <ClInclude Include="source\animation.h">
      <Filter>ソース ファイル\コンポーネント</Filter>
    </ClInclude>
    <ClInclude Include="source\animator.h">
      <Filter>ソース ファイル\コンポーネント</Filter>
    </ClInclude>
    <ClInclude Include="source\collision.h">
      <Filter>ソース ファイル\コンポーネント</Filter>
    </ClInclude>
    <ClInclude Include="source\rigidbody.h">
      <Filter>ソース ファイル\コンポーネント</Filter>
    </ClInclude>
    <ClInclude Include="source\transform.h">
      <Filter>ソース ファイル\コンポーネント</Filter>
    </ClInclude>
    <ClInclude Include="source\object.h">
      <Filter>ソース ファイル\オブジェクト</Filter>
    </ClInclude>
    <ClInclude Include="DirectX11.h">
      <Filter>ソース ファイル\グラフィックス</Filter>
    </ClInclude>
    <ClInclude Include="model.h">
      <Filter>ソース ファイル\グラフィックス</Filter>
    </ClInclude>
    <ClInclude Include="polygon.h">
      <Filter>ソース ファイル\グラフィックス</Filter>
    </ClInclude>
    <ClInclude Include="sprite.h">
      <Filter>ソース ファイル\グラフィックス</Filter>
    </ClInclude>
    <ClInclude Include="texture.h">
      <Filter>ソース ファイル\グラフィックス</Filter>
    </ClInclude>
    <ClInclude Include="shader.h">
      <Filter>ソース ファイル\グラフィックス</Filter>
    </ClInclude>
    <ClInclude Include="input.h">
      <Filter>ソース ファイル\システム</Filter>
    </ClInclude>
    <ClInclude Include="source\List.h">
      <Filter>ソース ファイル\システム</Filter>
    </ClInclude>
    <ClInclude Include="main.h">
      <Filter>ソース ファイル\システム</Filter>
    </ClInclude>
    <ClInclude Include="resource.h">
      <Filter>ソース ファイル\システム</Filter>
    </ClInclude>
    <ClInclude Include="Sound.h">
      <Filter>ソース ファイル\システム</Filter>
    </ClInclude>
    <ClInclude Include="source\scene.h">
      <Filter>ソース ファイル\シーン</Filter>
    </ClInclude>
    <ClInclude Include="source\sceneGame.h">
      <Filter>ソース ファイル\シーン</Filter>
    </ClInclude>
    <ClInclude Include="source\sceneTitle.h">
      <Filter>ソース ファイル\シーン</Filter>
    </ClInclude>
    <ClInclude Include="source\sceneManager.h">
      <Filter>ソース ファイル\シーン</Filter>
    </ClInclude>
    <ClInclude Include="source\camera.h">
      <Filter>ソース ファイル\オブジェクト</Filter>
    </ClInclude>
    <ClInclude Include="source\objectMgr.h">
      <Filter>ソース ファイル\オブジェクト\マネージャー</Filter>
    </ClInclude>
    <ClInclude Include="source\status.h">
      <Filter>ソース ファイル\コンポーネント</Filter>
    </ClInclude>
    <ClInclude Include="source\string.h">
      <Filter>ソース ファイル\オブジェクト</Filter>
    </ClInclude>
    <ClInclude Include="source\word.h">
      <Filter>ソース ファイル\オブジェクト</Filter>
    </ClInclude>
    <ClInclude Include="source\attackArea.h">
      <Filter>ソース ファイル\オブジェクト\エネミー</Filter>
    </ClInclude>
    <ClInclude Include="source\enemy.h">
      <Filter>ソース ファイル\オブジェクト\エネミー</Filter>
    </ClInclude>
    <ClInclude Include="source\enemyAction.h">
      <Filter>ソース ファイル\オブジェクト\エネミー</Filter>
    </ClInclude>
    <ClInclude Include="source\viewArea.h">
      <Filter>ソース ファイル\オブジェクト\エネミー</Filter>
    </ClInclude>
    <ClInclude Include="source\player.h">
      <Filter>ソース ファイル\オブジェクト\プレイヤー</Filter>
    </ClInclude>
    <ClInclude Include="source\playerAction.h">
      <Filter>ソース ファイル\オブジェクト\プレイヤー</Filter>
    </ClInclude>
    <ClInclude Include="source\weapon.h">
      <Filter>ソース ファイル\オブジェクト\プレイヤー</Filter>
    </ClInclude>
    <ClInclude Include="source\enemyWing.h">
      <Filter>ソース ファイル\オブジェクト\エネミー</Filter>
    </ClInclude>
    <ClInclude Include="source\enemySlim.h">
      <Filter>ソース ファイル\オブジェクト\エネミー</Filter>
    </ClInclude>
    <ClInclude Include="source\enemyLance.h">
      <Filter>ソース ファイル\オブジェクト\エネミー</Filter>
    </ClInclude>
    <ClInclude Include="source\stageTest.h">
      <Filter>ソース ファイル\ステージ</Filter>
    </ClInclude>
    <ClInclude Include="source\stage.h">
      <Filter>ソース ファイル\ステージ</Filter>
    </ClInclude>
    <ClInclude Include="source\stageDebug.h">
      <Filter>ソース ファイル\ステージ</Filter>
    </ClInclude>
    <ClInclude Include="source\stageManager.h">
      <Filter>ソース ファイル\ステージ</Filter>
    </ClInclude>
    <ClInclude Include="source\field.h">
      <Filter>ソース ファイル\オブジェクト\マップ</Filter>
    </ClInclude>
    <ClInclude Include="source\bg.h">
      <Filter>ソース ファイル\オブジェクト\マップ</Filter>
    </ClInclude>
    <ClInclude Include="source\block.h">
      <Filter>ソース ファイル\オブジェクト\マップ</Filter>
    </ClInclude>
    <ClInclude Include="source\stageMaker.h">
      <Filter>ソース ファイル\ステージ</Filter>
    </ClInclude>
    <ClInclude Include="source\stageChangeArea.h">
      <Filter>ソース ファイル\ステージ</Filter>
    </ClInclude>
    <ClInclude Include="source\floor.h">
      <Filter>ソース ファイル\オブジェクト\マップ</Filter>
    </ClInclude>
    <ClInclude Include="source\miniMap.h">
      <Filter>ソース ファイル\オブジェクト\マップ</Filter>
    </ClInclude>
    <ClInclude Include="source\stageBoss.h">
      <Filter>ソース ファイル\ステージ</Filter>
    </ClInclude>
    <ClInclude Include="source\stageChangeBossArea.h">
      <Filter>ソース ファイル\ステージ</Filter>
    </ClInclude>
    <ClInclude Include="source\enemySlimBoss.h">
      <Filter>ソース ファイル\オブジェクト\エネミー</Filter>
    </ClInclude>
    <ClInclude Include="source\BossMakeArea.h">
      <Filter>ソース ファイル\オブジェクト\エネミー</Filter>
    </ClInclude>
    <ClInclude Include="source\stageStartMap.h">
      <Filter>ソース ファイル\ステージ</Filter>
    </ClInclude>
    <ClInclude Include="source\stageTutorial.h">
      <Filter>ソース ファイル\ステージ</Filter>
    </ClInclude>
    <ClInclude Include="source\stageChangeStartArea.h">
      <Filter>ソース ファイル\ステージ</Filter>
    </ClInclude>
    <ClInclude Include="source\playerUI.h">
      <Filter>ソース ファイル\オブジェクト\プレイヤー</Filter>
    </ClInclude>
    <ClInclude Include="source\Fire.h">
      <Filter>ソース ファイル\オブジェクト\マップ</Filter>
    </ClInclude>
    <ClInclude Include="source\light.h">
      <Filter>ソース ファイル\オブジェクト\マップ</Filter>
    </ClInclude>
    <ClInclude Include="source\needle.h">
      <Filter>ソース ファイル\オブジェクト\マップ</Filter>
    </ClInclude>
    <ClInclude Include="source\enemyBow.h">
      <Filter>ソース ファイル\オブジェクト\エネミー</Filter>
    </ClInclude>
    <ClInclude Include="source\enemyBigWing.h">
      <Filter>ソース ファイル\オブジェクト\エネミー</Filter>
    </ClInclude>
    <ClInclude Include="source\key.h">
      <Filter>ソース ファイル\オブジェクト</Filter>
    </ClInclude>
    <ClInclude Include="source\enemyUI.h">
      <Filter>ソース ファイル\オブジェクト\エネミー</Filter>
    </ClInclude>
    <ClInclude Include="source\stageLevelText.h">
      <Filter>ソース ファイル\ステージ</Filter>
    </ClInclude>
    <ClInclude Include="source\resultUI.h">
      <Filter>ソース ファイル\オブジェクト</Filter>
    </ClInclude>
    <ClInclude Include="source\fade.h">
      <Filter>ソース ファイル\オブジェクト\演出</Filter>
    </ClInclude>
    <ClInclude Include="source\flash.h">
      <Filter>ソース ファイル\オブジェクト\演出</Filter>
    </ClInclude>
    <ClInclude Include="source\damageText.h">
      <Filter>ソース ファイル\オブジェクト\エフェクト</Filter>
    </ClInclude>
    <ClInclude Include="source\effect.h">
      <Filter>ソース ファイル\オブジェクト\エフェクト</Filter>
    </ClInclude>
    <ClInclude Include="source\levelupText.h">
      <Filter>ソース ファイル\オブジェクト\エフェクト</Filter>
    </ClInclude>
    <ClInclude Include="source\attackBase.h">
      <Filter>ソース ファイル\オブジェクト\キャラクター</Filter>
    </ClInclude>
    <ClInclude Include="source\bullet.h">
      <Filter>ソース ファイル\オブジェクト\キャラクター</Filter>
    </ClInclude>
    <ClInclude Include="source\character.h">
      <Filter>ソース ファイル\オブジェクト\キャラクター</Filter>
    </ClInclude>
    <ClInclude Include="source\characterAction.h">
      <Filter>ソース ファイル\オブジェクト\キャラクター</Filter>
    </ClInclude>
    <ClInclude Include="source\experience.h">
      <Filter>ソース ファイル\オブジェクト\キャラクター</Filter>
    </ClInclude>
    <ClInclude Include="source\movieUI.h">
      <Filter>ソース ファイル\オブジェクト\演出</Filter>
    </ClInclude>
    <ClInclude Include="source\combo.h">
      <Filter>ソース ファイル\オブジェクト\プレイヤー</Filter>
    </ClInclude>
  </ItemGroup>
</Project>